
Microsoft Visual Studio Solution File, Format Version 12.00
# Visual Studio Version 17
VisualStudioVersion = 17.9.34902.65
MinimumVisualStudioVersion = 10.0.40219.1
Project("{FAE04EC0-301F-11D3-BF4B-00C04F79EFBC}") = "SpecPage01", "SpecPage01.csproj", "{B485197D-46E0-4BBD-AD19-49625BA86BAC}"
EndProject
Global
	GlobalSection(SolutionConfigurationPlatforms) = preSolution
		Debug|Any CPU = Debug|Any CPU
		Release|Any CPU = Release|Any CPU
	EndGlobalSection
	GlobalSection(ProjectConfigurationPlatforms) = postSolution
		{B485197D-46E0-4BBD-AD19-49625BA86BAC}.Debug|Any CPU.ActiveCfg = Debug|Any CPU
		{B485197D-46E0-4BBD-AD19-49625BA86BAC}.Debug|Any CPU.Build.0 = Debug|Any CPU
		{B485197D-46E0-4BBD-AD19-49625BA86BAC}.Release|Any CPU.ActiveCfg = Release|Any CPU
		{B485197D-46E0-4BBD-AD19-49625BA86BAC}.Release|Any CPU.Build.0 = Release|Any CPU
	EndGlobalSection
	GlobalSection(SolutionProperties) = preSolution
		HideSolutionNode = FALSE
	EndGlobalSection
	GlobalSection(ExtensibilityGlobals) = postSolution
		SolutionGuid = {B8D45C83-543C-4075-9ED4-BF2F596EF2F8}
	EndGlobalSection
EndGlobal
